// !$*UTF8*$!
{
	archiveVersion = 1;
	classes = {
	};
	objectVersion = 77;
	objects = {

/* Begin PBXContainerItemProxy section */
		09FFCAF02F1D750F00BA2D21 /* PBXContainerItemProxy */ = {
			isa = PBXContainerItemProxy;
			containerPortal = 09FFCAD82F1D750D00BA2D21 /* Project object */;
			proxyType = 1;
			remoteGlobalIDString = 09FFCADF2F1D750D00BA2D21;
			remoteInfo = IHeartKatakana;
		};
		09FFCAFA2F1D750F00BA2D21 /* PBXContainerItemProxy */ = {
			isa = PBXContainerItemProxy;
			containerPortal = 09FFCAD82F1D750D00BA2D21 /* Project object */;
			proxyType = 1;
			remoteGlobalIDString = 09FFCADF2F1D750D00BA2D21;
			remoteInfo = IHeartKatakana;
		};
/* End PBXContainerItemProxy section */

/* Begin PBXFileReference section */
		09FFCAE02F1D750D00BA2D21 /* IHeartKatakana.app */ = {isa = PBXFileReference; explicitFileType = wrapper.application; includeInIndex = 0; path = IHeartKatakana.app; sourceTree = BUILT_PRODUCTS_DIR; };
		09FFCAEF2F1D750F00BA2D21 /* IHeartKatakanaTests.xctest */ = {isa = PBXFileReference; explicitFileType = wrapper.cfbundle; includeInIndex = 0; path = IHeartKatakanaTests.xctest; sourceTree = BUILT_PRODUCTS_DIR; };
		09FFCAF92F1D750F00BA2D21 /* IHeartKatakanaUITests.xctest */ = {isa = PBXFileReference; explicitFileType = wrapper.cfbundle; includeInIndex = 0; path = IHeartKatakanaUITests.xctest; sourceTree = BUILT_PRODUCTS_DIR; };
/* End PBXFileReference section */

/* Begin PBXFileSystemSynchronizedBuildFileExceptionSet section */
		098085ED2F1EBDC100692BAA /* Exceptions for "IHeartKatakana" folder in "IHeartKatakana" target */ = {
			isa = PBXFileSystemSynchronizedBuildFileExceptionSet;
			membershipExceptions = (
				Secrets.example.swift,
			);
			target = 09FFCADF2F1D750D00BA2D21 /* IHeartKatakana */;
		};
/* End PBXFileSystemSynchronizedBuildFileExceptionSet section */

/* Begin PBXFileSystemSynchronizedRootGroup section */
		09FFCAE22F1D750D00BA2D21 /* IHeartKatakana */ = {
			isa = PBXFileSystemSynchronizedRootGroup;
			exceptions = (
				098085ED2F1EBDC100692BAA /* Exceptions for "IHeartKatakana" folder in "IHeartKatakana" target */,
			);
			path = IHeartKatakana;
			sourceTree = "<group>";
		};
		09FFCAF22F1D750F00BA2D21 /* IHeartKatakanaTests */ = {
			isa = PBXFileSystemSynchronizedRootGroup;
			path = IHeartKatakanaTests;
			sourceTree = "<group>";
		};
		09FFCAFC2F1D750F00BA2D21 /* IHeartKatakanaUITests */ = {
			isa = PBXFileSystemSynchronizedRootGroup;
			path = IHeartKatakanaUITests;
			sourceTree = "<group>";
		};
/* End PBXFileSystemSynchronizedRootGroup section */

/* Begin PBXFrameworksBuildPhase section */
		09FFCADD2F1D750D00BA2D21 /* Frameworks */ = {
			isa = PBXFrameworksBuildPhase;
			buildActionMask = 2147483647;
			files = (
			);
			runOnlyForDeploymentPostprocessing = 0;
		};
		09FFCAEC2F1D750F00BA2D21 /* Frameworks */ = {
			isa = PBXFrameworksBuildPhase;
			buildActionMask = 2147483647;
			files = (
			);
			runOnlyForDeploymentPostprocessing = 0;
		};
		09FFCAF62F1D750F00BA2D21 /* Frameworks */ = {
			isa = PBXFrameworksBuildPhase;
			buildActionMask = 2147483647;
			files = (
			);
			runOnlyForDeploymentPostprocessing = 0;
		};
/* End PBXFrameworksBuildPhase section */

/* Begin PBXGroup section */
		09FFCAD72F1D750D00BA2D21 = {
			isa = PBXGroup;
			children = (
				09FFCAE22F1D750D00BA2D21 /* IHeartKatakana */,
				09FFCAF22F1D750F00BA2D21 /* IHeartKatakanaTests */,
				09FFCAFC2F1D750F00BA2D21 /* IHeartKatakanaUITests */,
				09FFCAE12F1D750D00BA2D21 /* Products */,
			);
			sourceTree = "<group>";
		};
		09FFCAE12F1D750D00BA2D21 /* Products */ = {
			isa = PBXGroup;
			children = (
				09FFCAE02F1D750D00BA2D21 /* IHeartKatakana.app */,
				09FFCAEF2F1D750F00BA2D21 /* IHeartKatakanaTests.xctest */,
				09FFCAF92F1D750F00BA2D21 /* IHeartKatakanaUITests.xctest */,
			);
			name = Products;
			sourceTree = "<group>";
		};
/* End PBXGroup section */

/* Begin PBXNativeTarget section */
		09FFCADF2F1D750D00BA2D21 /* IHeartKatakana */ = {
			isa = PBXNativeTarget;
			buildConfigurationList = 09FFCB032F1D750F00BA2D21 /* Build configuration list for PBXNativeTarget "IHeartKatakana" */;
			buildPhases = (
				09FFCADC2F1D750D00BA2D21 /* Sources */,
				09FFCADD2F1D750D00BA2D21 /* Frameworks */,
				09FFCADE2F1D750D00BA2D21 /* Resources */,
			);
			buildRules = (
			);
			dependencies = (
			);
			fileSystemSynchronizedGroups = (
				09FFCAE22F1D750D00BA2D21 /* IHeartKatakana */,
			);
			name = IHeartKatakana;
			packageProductDependencies = (
			);
			productName = IHeartKatakana;
			productReference = 09FFCAE02F1D750D00BA2D21 /* IHeartKatakana.app */;
			productType = "com.apple.product-type.application";
		};
		09FFCAEE2F1D750F00BA2D21 /* IHeartKatakanaTests */ = {
			isa = PBXNativeTarget;
			buildConfigurationList = 09FFCB062F1D750F00BA2D21 /* Build configuration list for PBXNativeTarget "IHeartKatakanaTests" */;
			buildPhases = (
				09FFCAEB2F1D750F00BA2D21 /* Sources */,
				09FFCAEC2F1D750F00BA2D21 /* Frameworks */,
				09FFCAED2F1D750F00BA2D21 /* Resources */,
			);
			buildRules = (
			);
			dependencies = (
				09FFCAF12F1D750F00BA2D21 /* PBXTargetDependency */,
			);
			fileSystemSynchronizedGroups = (
				09FFCAF22F1D750F00BA2D21 /* IHeartKatakanaTests */,
			);
			name = IHeartKatakanaTests;
			packageProductDependencies = (
			);
			productName = IHeartKatakanaTests;
			productReference = 09FFCAEF2F1D750F00BA2D21 /* IHeartKatakanaTests.xctest */;
			productType = "com.apple.product-type.bundle.unit-test";
		};
		09FFCAF82F1D750F00BA2D21 /* IHeartKatakanaUITests */ = {
			isa = PBXNativeTarget;
			buildConfigurationList = 09FFCB092F1D750F00BA2D21 /* Build configuration list for PBXNativeTarget "IHeartKatakanaUITests" */;
			buildPhases = (
				09FFCAF52F1D750F00BA2D21 /* Sources */,
				09FFCAF62F1D750F00BA2D21 /* Frameworks */,
				09FFCAF72F1D750F00BA2D21 /* Resources */,
			);
			buildRules = (
			);
			dependencies = (
				09FFCAFB2F1D750F00BA2D21 /* PBXTargetDependency */,
			);
			fileSystemSynchronizedGroups = (
				09FFCAFC2F1D750F00BA2D21 /* IHeartKatakanaUITests */,
			);
			name = IHeartKatakanaUITests;
			packageProductDependencies = (
			);
			productName = IHeartKatakanaUITests;
			productReference = 09FFCAF92F1D750F00BA2D21 /* IHeartKatakanaUITests.xctest */;
			productType = "com.apple.product-type.bundle.ui-testing";
		};
/* End PBXNativeTarget section */

/* Begin PBXProject section */
		09FFCAD82F1D750D00BA2D21 /* Project object */ = {
			isa = PBXProject;
			attributes = {
				BuildIndependentTargetsInParallel = 1;
				LastSwiftUpdateCheck = 2620;
				LastUpgradeCheck = 2620;
				TargetAttributes = {
					09FFCADF2F1D750D00BA2D21 = {
						CreatedOnToolsVersion = 26.2;
					};
					09FFCAEE2F1D750F00BA2D21 = {
						CreatedOnToolsVersion = 26.2;
						TestTargetID = 09FFCADF2F1D750D00BA2D21;
					};
					09FFCAF82F1D750F00BA2D21 = {
						CreatedOnToolsVersion = 26.2;
						TestTargetID = 09FFCADF2F1D750D00BA2D21;
					};
				};
			};
			buildConfigurationList = 09FFCADB2F1D750D00BA2D21 /* Build configuration list for PBXProject "IHeartKatakana" */;
			developmentRegion = en;
			hasScannedForEncodings = 0;
			knownRegions = (
				en,
				Base,
			);
			mainGroup = 09FFCAD72F1D750D00BA2D21;
			minimizedProjectReferenceProxies = 1;
			preferredProjectObjectVersion = 77;
			productRefGroup = 09FFCAE12F1D750D00BA2D21 /* Products */;
			projectDirPath = "";
			projectRoot = "";
			targets = (
				09FFCADF2F1D750D00BA2D21 /* IHeartKatakana */,
				09FFCAEE2F1D750F00BA2D21 /* IHeartKatakanaTests */,
				09FFCAF82F1D750F00BA2D21 /* IHeartKatakanaUITests */,
			);
		};
/* End PBXProject section */

/* Begin PBXResourcesBuildPhase section */
		09FFCADE2F1D750D00BA2D21 /* Resources */ = {
			isa = PBXResourcesBuildPhase;
			buildActionMask = 2147483647;
			files = (
			);
			runOnlyForDeploymentPostprocessing = 0;
		};
		09FFCAED2F1D750F00BA2D21 /* Resources */ = {
			isa = PBXResourcesBuildPhase;
			buildActionMask = 2147483647;
			files = (
			);
			runOnlyForDeploymentPostprocessing = 0;
		};
		09FFCAF72F1D750F00BA2D21 /* Resources */ = {
			isa = PBXResourcesBuildPhase;
			buildActionMask = 2147483647;
			files = (
			);
			runOnlyForDeploymentPostprocessing = 0;
		};
/* End PBXResourcesBuildPhase section */

/* Begin PBXSourcesBuildPhase section */
		09FFCADC2F1D750D00BA2D21 /* Sources */ = {
			isa = PBXSourcesBuildPhase;
			buildActionMask = 2147483647;
			files = (
			);
			runOnlyForDeploymentPostprocessing = 0;
		};
		09FFCAEB2F1D750F00BA2D21 /* Sources */ = {
			isa = PBXSourcesBuildPhase;
			buildActionMask = 2147483647;
			files = (
			);
			runOnlyForDeploymentPostprocessing = 0;
		};
		09FFCAF52F1D750F00BA2D21 /* Sources */ = {
			isa = PBXSourcesBuildPhase;
			buildActionMask = 2147483647;
			files = (
			);
			runOnlyForDeploymentPostprocessing = 0;
		};
/* End PBXSourcesBuildPhase section */

/* Begin PBXTargetDependency section */
		09FFCAF12F1D750F00BA2D21 /* PBXTargetDependency */ = {
			isa = PBXTargetDependency;
			target = 09FFCADF2F1D750D00BA2D21 /* IHeartKatakana */;
			targetProxy = 09FFCAF02F1D750F00BA2D21 /* PBXContainerItemProxy */;
		};
		09FFCAFB2F1D750F00BA2D21 /* PBXTargetDependency */ = {
			isa = PBXTargetDependency;
			target = 09FFCADF2F1D750D00BA2D21 /* IHeartKatakana */;
			targetProxy = 09FFCAFA2F1D750F00BA2D21 /* PBXContainerItemProxy */;
		};
/* End PBXTargetDependency section */

/* Begin XCBuildConfiguration section */
		09FFCB012F1D750F00BA2D21 /* Debug */ = {
			isa = XCBuildConfiguration;
			buildSettings = {
				ALWAYS_SEARCH_USER_PATHS = NO;
				ASSETCATALOG_COMPILER_GENERATE_SWIFT_ASSET_SYMBOL_EXTENSIONS = YES;
				CLANG_ANALYZER_NONNULL = YES;
				CLANG_ANALYZER_NUMBER_OBJECT_CONVERSION = YES_AGGRESSIVE;
				CLANG_CXX_LANGUAGE_STANDARD = "gnu++20";
				CLANG_ENABLE_MODULES = YES;
				CLANG_ENABLE_OBJC_ARC = YES;
				CLANG_ENABLE_OBJC_WEAK = YES;
				CLANG_WARN_BLOCK_CAPTURE_AUTORELEASING = YES;
				CLANG_WARN_BOOL_CONVERSION = YES;
				CLANG_WARN_COMMA = YES;
				CLANG_WARN_CONSTANT_CONVERSION = YES;
				CLANG_WARN_DEPRECATED_OBJC_IMPLEMENTATIONS = YES;
				CLANG_WARN_DIRECT_OBJC_ISA_USAGE = YES_ERROR;
				CLANG_WARN_DOCUMENTATION_COMMENTS = YES;
				CLANG_WARN_EMPTY_BODY = YES;
				CLANG_WARN_ENUM_CONVERSION = YES;
				CLANG_WARN_INFINITE_RECURSION = YES;
				CLANG_WARN_INT_CONVERSION = YES;
				CLANG_WARN_NON_LITERAL_NULL_CONVERSION = YES;
				CLANG_WARN_OBJC_IMPLICIT_RETAIN_SELF = YES;
				CLANG_WARN_OBJC_LITERAL_CONVERSION = YES;
				CLANG_WARN_OBJC_ROOT_CLASS = YES_ERROR;
				CLANG_WARN_QUOTED_INCLUDE_IN_FRAMEWORK_HEADER = YES;
				CLANG_WARN_RANGE_LOOP_ANALYSIS = YES;
				CLANG_WARN_STRICT_PROTOTYPES = YES;
				CLANG_WARN_SUSPICIOUS_MOVE = YES;
				CLANG_WARN_UNGUARDED_AVAILABILITY = YES_AGGRESSIVE;
				CLANG_WARN_UNREACHABLE_CODE = YES;
				CLANG_WARN__DUPLICATE_METHOD_MATCH = YES;
				COPY_PHASE_STRIP = NO;
				DEBUG_INFORMATION_FORMAT = dwarf;
				DEVELOPMENT_TEAM = U39XCRLW64;
				ENABLE_STRICT_OBJC_MSGSEND = YES;
				ENABLE_TESTABILITY = YES;
				ENABLE_USER_SCRIPT_SANDBOXING = YES;
				GCC_C_LANGUAGE_STANDARD = gnu17;
				GCC_DYNAMIC_NO_PIC = NO;
				GCC_NO_COMMON_BLOCKS = YES;
				GCC_OPTIMIZATION_LEVEL = 0;
				GCC_PREPROCESSOR_DEFINITIONS = (
					"DEBUG=1",
					"$(inherited)",
				);
				GCC_WARN_64_TO_32_BIT_CONVERSION = YES;
				GCC_WARN_ABOUT_RETURN_TYPE = YES_ERROR;
				GCC_WARN_UNDECLARED_SELECTOR = YES;
				GCC_WARN_UNINITIALIZED_AUTOS = YES_AGGRESSIVE;
				GCC_WARN_UNUSED_FUNCTION = YES;
				GCC_WARN_UNUSED_VARIABLE = YES;
				IPHONEOS_DEPLOYMENT_TARGET = 26.2;
				LOCALIZATION_PREFERS_STRING_CATALOGS = YES;
				MTL_ENABLE_DEBUG_INFO = INCLUDE_SOURCE;
				MTL_FAST_MATH = YES;
				ONLY_ACTIVE_ARCH = YES;
				SDKROOT = iphoneos;
				SWIFT_ACTIVE_COMPILATION_CONDITIONS = "DEBUG $(inherited)";
				SWIFT_OPTIMIZATION_LEVEL = "-Onone";
			};
			name = Debug;
		};
		09FFCB022F1D750F00BA2D21 /* Release */ = {
			isa = XCBuildConfiguration;
			buildSettings = {
				ALWAYS_SEARCH_USER_PATHS = NO;
				ASSETCATALOG_COMPILER_GENERATE_SWIFT_ASSET_SYMBOL_EXTENSIONS = YES;
				CLANG_ANALYZER_NONNULL = YES;
				CLANG_ANALYZER_NUMBER_OBJECT_CONVERSION = YES_AGGRESSIVE;
				CLANG_CXX_LANGUAGE_STANDARD = "gnu++20";
				CLANG_ENABLE_MODULES = YES;
				CLANG_ENABLE_OBJC_ARC = YES;
				CLANG_ENABLE_OBJC_WEAK = YES;
				CLANG_WARN_BLOCK_CAPTURE_AUTORELEASING = YES;
				CLANG_WARN_BOOL_CONVERSION = YES;
				CLANG_WARN_COMMA = YES;
				CLANG_WARN_CONSTANT_CONVERSION = YES;
				CLANG_WARN_DEPRECATED_OBJC_IMPLEMENTATIONS = YES;
				CLANG_WARN_DIRECT_OBJC_ISA_USAGE = YES_ERROR;
				CLANG_WARN_DOCUMENTATION_COMMENTS = YES;
				CLANG_WARN_EMPTY_BODY = YES;
				CLANG_WARN_ENUM_CONVERSION = YES;
				CLANG_WARN_INFINITE_RECURSION = YES;
				CLANG_WARN_INT_CONVERSION = YES;
				CLANG_WARN_NON_LITERAL_NULL_CONVERSION = YES;
				CLANG_WARN_OBJC_IMPLICIT_RETAIN_SELF = YES;
				CLANG_WARN_OBJC_LITERAL_CONVERSION = YES;
				CLANG_WARN_OBJC_ROOT_CLASS = YES_ERROR;
				CLANG_WARN_QUOTED_INCLUDE_IN_FRAMEWORK_HEADER = YES;
				CLANG_WARN_RANGE_LOOP_ANALYSIS = YES;
				CLANG_WARN_STRICT_PROTOTYPES = YES;
				CLANG_WARN_SUSPICIOUS_MOVE = YES;
				CLANG_WARN_UNGUARDED_AVAILABILITY = YES_AGGRESSIVE;
				CLANG_WARN_UNREACHABLE_CODE = YES;
				CLANG_WARN__DUPLICATE_METHOD_MATCH = YES;
				COPY_PHASE_STRIP = NO;
				DEBUG_INFORMATION_FORMAT = "dwarf-with-dsym";
				DEVELOPMENT_TEAM = U39XCRLW64;
				ENABLE_NS_ASSERTIONS = NO;
				ENABLE_STRICT_OBJC_MSGSEND = YES;
				ENABLE_USER_SCRIPT_SANDBOXING = YES;
				GCC_C_LANGUAGE_STANDARD = gnu17;
				GCC_NO_COMMON_BLOCKS = YES;
				GCC_WARN_64_TO_32_BIT_CONVERSION = YES;
				GCC_WARN_ABOUT_RETURN_TYPE = YES_ERROR;
				GCC_WARN_UNDECLARED_SELECTOR = YES;
				GCC_WARN_UNINITIALIZED_AUTOS = YES_AGGRESSIVE;
				GCC_WARN_UNUSED_FUNCTION = YES;
				GCC_WARN_UNUSED_VARIABLE = YES;
				IPHONEOS_DEPLOYMENT_TARGET = 26.2;
				LOCALIZATION_PREFERS_STRING_CATALOGS = YES;
				MTL_ENABLE_DEBUG_INFO = NO;
				MTL_FAST_MATH = YES;
				SDKROOT = iphoneos;
				SWIFT_COMPILATION_MODE = wholemodule;
				VALIDATE_PRODUCT = YES;
			};
			name = Release;
		};
		09FFCB042F1D750F00BA2D21 /* Debug */ = {
			isa = XCBuildConfiguration;
			buildSettings = {
				ASSETCATALOG_COMPILER_APPICON_NAME = AppIcon;
				ASSETCATALOG_COMPILER_GLOBAL_ACCENT_COLOR_NAME = AccentColor;
				CODE_SIGN_STYLE = Automatic;
				CURRENT_PROJECT_VERSION = 1;
				DEVELOPMENT_TEAM = U39XCRLW64;
				ENABLE_PREVIEWS = YES;
				GENERATE_INFOPLIST_FILE = YES;
				INFOPLIST_KEY_CFBundleDisplayName = "I❤️Katakana";
				INFOPLIST_KEY_LSApplicationCategoryType = "public.app-category.education";
				INFOPLIST_KEY_UIApplicationSceneManifest_Generation = YES;
				INFOPLIST_KEY_UIApplicationSupportsIndirectInputEvents = YES;
				INFOPLIST_KEY_UILaunchScreen_Generation = YES;
				INFOPLIST_KEY_UISupportedInterfaceOrientations_iPad = "UIInterfaceOrientationPortrait UIInterfaceOrientationPortraitUpsideDown UIInterfaceOrientationLandscapeLeft UIInterfaceOrientationLandscapeRight";
				INFOPLIST_KEY_UISupportedInterfaceOrientations_iPhone = "UIInterfaceOrientationPortrait UIInterfaceOrientationLandscapeLeft UIInterfaceOrientationLandscapeRight";
				IPHONEOS_DEPLOYMENT_TARGET = 18.6;
				LD_RUNPATH_SEARCH_PATHS = (
					"$(inherited)",
					"@executable_path/Frameworks",
				);
				LIBRARY_SEARCH_PATHS = "$(SRCROOT)/IHeartKatakana/Models";
				MARKETING_VERSION = 1.0;
				PRODUCT_BUNDLE_IDENTIFIER = com.onurorhon.IHeartKatakana;
				PRODUCT_NAME = "$(TARGET_NAME)";
				STRING_CATALOG_GENERATE_SYMBOLS = YES;
				SWIFT_APPROACHABLE_CONCURRENCY = YES;
				SWIFT_DEFAULT_ACTOR_ISOLATION = MainActor;
				SWIFT_EMIT_LOC_STRINGS = YES;
				SWIFT_UPCOMING_FEATURE_MEMBER_IMPORT_VISIBILITY = YES;
				SWIFT_VERSION = 5.0;
				TARGETED_DEVICE_FAMILY = "1,2";
			};
			name = Debug;
		};
		09FFCB052F1D750F00BA2D21 /* Release */ = {
			isa = XCBuildConfiguration;
			buildSettings = {
				ASSETCATALOG_COMPILER_APPICON_NAME = AppIcon;
				ASSETCATALOG_COMPILER_GLOBAL_ACCENT_COLOR_NAME = AccentColor;
				CODE_SIGN_STYLE = Automatic;
				CURRENT_PROJECT_VERSION = 1;
				DEVELOPMENT_TEAM = U39XCRLW64;
				ENABLE_PREVIEWS = YES;
				GENERATE_INFOPLIST_FILE = YES;
				INFOPLIST_KEY_CFBundleDisplayName = "I❤️Katakana";
				INFOPLIST_KEY_LSApplicationCategoryType = "public.app-category.education";
				INFOPLIST_KEY_UIApplicationSceneManifest_Generation = YES;
				INFOPLIST_KEY_UIApplicationSupportsIndirectInputEvents = YES;
				INFOPLIST_KEY_UILaunchScreen_Generation = YES;
				INFOPLIST_KEY_UISupportedInterfaceOrientations_iPad = "UIInterfaceOrientationPortrait UIInterfaceOrientationPortraitUpsideDown UIInterfaceOrientationLandscapeLeft UIInterfaceOrientationLandscapeRight";
				INFOPLIST_KEY_UISupportedInterfaceOrientations_iPhone = "UIInterfaceOrientationPortrait UIInterfaceOrientationLandscapeLeft UIInterfaceOrientationLandscapeRight";
				IPHONEOS_DEPLOYMENT_TARGET = 18.6;
				LD_RUNPATH_SEARCH_PATHS = (
					"$(inherited)",
					"@executable_path/Frameworks",
				);
				LIBRARY_SEARCH_PATHS = "$(SRCROOT)/IHeartKatakana/Models";
				MARKETING_VERSION = 1.0;
				PRODUCT_BUNDLE_IDENTIFIER = com.onurorhon.IHeartKatakana;
				PRODUCT_NAME = "$(TARGET_NAME)";
				STRING_CATALOG_GENERATE_SYMBOLS = YES;
				SWIFT_APPROACHABLE_CONCURRENCY = YES;
				SWIFT_DEFAULT_ACTOR_ISOLATION = MainActor;
				SWIFT_EMIT_LOC_STRINGS = YES;
				SWIFT_UPCOMING_FEATURE_MEMBER_IMPORT_VISIBILITY = YES;
				SWIFT_VERSION = 5.0;
				TARGETED_DEVICE_FAMILY = "1,2";
			};
			name = Release;
		};
		09FFCB072F1D750F00BA2D21 /* Debug */ = {
			isa = XCBuildConfiguration;
			buildSettings = {
				BUNDLE_LOADER = "$(TEST_HOST)";
				CODE_SIGN_STYLE = Automatic;
				CURRENT_PROJECT_VERSION = 1;
				DEVELOPMENT_TEAM = U39XCRLW64;
				GENERATE_INFOPLIST_FILE = YES;
				IPHONEOS_DEPLOYMENT_TARGET = 26.2;
				LIBRARY_SEARCH_PATHS = "$(SRCROOT)/IHeartKatakana/Models";
				MARKETING_VERSION = 1.0;
				PRODUCT_BUNDLE_IDENTIFIER = com.onurorhon.IHeartKatakanaTests;
				PRODUCT_NAME = "$(TARGET_NAME)";
				STRING_CATALOG_GENERATE_SYMBOLS = NO;
				SWIFT_APPROACHABLE_CONCURRENCY = YES;
				SWIFT_EMIT_LOC_STRINGS = NO;
				SWIFT_UPCOMING_FEATURE_MEMBER_IMPORT_VISIBILITY = YES;
				SWIFT_VERSION = 5.0;
				TARGETED_DEVICE_FAMILY = "1,2";
				TEST_HOST = "$(BUILT_PRODUCTS_DIR)/IHeartKatakana.app/$(BUNDLE_EXECUTABLE_FOLDER_PATH)/IHeartKatakana";
			};
			name = Debug;
		};
		09FFCB082F1D750F00BA2D21 /* Release */ = {
			isa = XCBuildConfiguration;
			buildSettings = {
				BUNDLE_LOADER = "$(TEST_HOST)";
				CODE_SIGN_STYLE = Automatic;
				CURRENT_PROJECT_VERSION = 1;
				DEVELOPMENT_TEAM = U39XCRLW64;
				GENERATE_INFOPLIST_FILE = YES;
				IPHONEOS_DEPLOYMENT_TARGET = 26.2;
				LIBRARY_SEARCH_PATHS = "$(SRCROOT)/IHeartKatakana/Models";
				MARKETING_VERSION = 1.0;
				PRODUCT_BUNDLE_IDENTIFIER = com.onurorhon.IHeartKatakanaTests;
				PRODUCT_NAME = "$(TARGET_NAME)";
				STRING_CATALOG_GENERATE_SYMBOLS = NO;
				SWIFT_APPROACHABLE_CONCURRENCY = YES;
				SWIFT_EMIT_LOC_STRINGS = NO;
				SWIFT_UPCOMING_FEATURE_MEMBER_IMPORT_VISIBILITY = YES;
				SWIFT_VERSION = 5.0;
				TARGETED_DEVICE_FAMILY = "1,2";
				TEST_HOST = "$(BUILT_PRODUCTS_DIR)/IHeartKatakana.app/$(BUNDLE_EXECUTABLE_FOLDER_PATH)/IHeartKatakana";
			};
			name = Release;
		};
		09FFCB0A2F1D750F00BA2D21 /* Debug */ = {
			isa = XCBuildConfiguration;
			buildSettings = {
				CODE_SIGN_STYLE = Automatic;
				CURRENT_PROJECT_VERSION = 1;
				DEVELOPMENT_TEAM = U39XCRLW64;
				GENERATE_INFOPLIST_FILE = YES;
				LIBRARY_SEARCH_PATHS = "$(SRCROOT)/IHeartKatakana/Models";
				MARKETING_VERSION = 1.0;
				PRODUCT_BUNDLE_IDENTIFIER = com.onurorhon.IHeartKatakanaUITests;
				PRODUCT_NAME = "$(TARGET_NAME)";
				STRING_CATALOG_GENERATE_SYMBOLS = NO;
				SWIFT_APPROACHABLE_CONCURRENCY = YES;
				SWIFT_EMIT_LOC_STRINGS = NO;
				SWIFT_UPCOMING_FEATURE_MEMBER_IMPORT_VISIBILITY = YES;
				SWIFT_VERSION = 5.0;
				TARGETED_DEVICE_FAMILY = "1,2";
				TEST_TARGET_NAME = IHeartKatakana;
			};
			name = Debug;
		};
		09FFCB0B2F1D750F00BA2D21 /* Release */ = {
			isa = XCBuildConfiguration;
			buildSettings = {
				CODE_SIGN_STYLE = Automatic;
				CURRENT_PROJECT_VERSION = 1;
				DEVELOPMENT_TEAM = U39XCRLW64;
				GENERATE_INFOPLIST_FILE = YES;
				LIBRARY_SEARCH_PATHS = "$(SRCROOT)/IHeartKatakana/Models";
				MARKETING_VERSION = 1.0;
				PRODUCT_BUNDLE_IDENTIFIER = com.onurorhon.IHeartKatakanaUITests;
				PRODUCT_NAME = "$(TARGET_NAME)";
				STRING_CATALOG_GENERATE_SYMBOLS = NO;
				SWIFT_APPROACHABLE_CONCURRENCY = YES;
				SWIFT_EMIT_LOC_STRINGS = NO;
				SWIFT_UPCOMING_FEATURE_MEMBER_IMPORT_VISIBILITY = YES;
				SWIFT_VERSION = 5.0;
				TARGETED_DEVICE_FAMILY = "1,2";
				TEST_TARGET_NAME = IHeartKatakana;
			};
			name = Release;
		};
/* End XCBuildConfiguration section */

/* Begin XCConfigurationList section */
		09FFCADB2F1D750D00BA2D21 /* Build configuration list for PBXProject "IHeartKatakana" */ = {
			isa = XCConfigurationList;
			buildConfigurations = (
				09FFCB012F1D750F00BA2D21 /* Debug */,
				09FFCB022F1D750F00BA2D21 /* Release */,
			);
			defaultConfigurationIsVisible = 0;
			defaultConfigurationName = Release;
		};
		09FFCB032F1D750F00BA2D21 /* Build configuration list for PBXNativeTarget "IHeartKatakana" */ = {
			isa = XCConfigurationList;
			buildConfigurations = (
				09FFCB042F1D750F00BA2D21 /* Debug */,
				09FFCB052F1D750F00BA2D21 /* Release */,
			);
			defaultConfigurationIsVisible = 0;
			defaultConfigurationName = Release;
		};
		09FFCB062F1D750F00BA2D21 /* Build configuration list for PBXNativeTarget "IHeartKatakanaTests" */ = {
			isa = XCConfigurationList;
			buildConfigurations = (
				09FFCB072F1D750F00BA2D21 /* Debug */,
				09FFCB082F1D750F00BA2D21 /* Release */,
			);
			defaultConfigurationIsVisible = 0;
			defaultConfigurationName = Release;
		};
		09FFCB092F1D750F00BA2D21 /* Build configuration list for PBXNativeTarget "IHeartKatakanaUITests" */ = {
			isa = XCConfigurationList;
			buildConfigurations = (
				09FFCB0A2F1D750F00BA2D21 /* Debug */,
				09FFCB0B2F1D750F00BA2D21 /* Release */,
			);
			defaultConfigurationIsVisible = 0;
			defaultConfigurationName = Release;
		};
/* End XCConfigurationList section */
	};
	rootObject = 09FFCAD82F1D750D00BA2D21 /* Project object */;
}
